
Microsoft Visual Studio Solution File, Format Version 12.00
# Visual Studio Version 17
VisualStudioVersion = 17.14.36414.22 d17.14
MinimumVisualStudioVersion = 10.0.40219.1
Project("{FAE04EC0-301F-11D3-BF4B-00C04F79EFBC}") = "ImageProcessingSalvame", "ImageProcessingSalvame\ImageProcessingSalvame.csproj", "{EBB54708-7229-437A-9500-FC886F85B112}"
EndProject
Global
	GlobalSection(SolutionConfigurationPlatforms) = preSolution
		Debug|Any CPU = Debug|Any CPU
		Release|Any CPU = Release|Any CPU
	EndGlobalSection
	GlobalSection(ProjectConfigurationPlatforms) = postSolution
		{EBB54708-7229-437A-9500-FC886F85B112}.Debug|Any CPU.ActiveCfg = Debug|Any CPU
		{EBB54708-7229-437A-9500-FC886F85B112}.Debug|Any CPU.Build.0 = Debug|Any CPU
		{EBB54708-7229-437A-9500-FC886F85B112}.Release|Any CPU.ActiveCfg = Release|Any CPU
		{EBB54708-7229-437A-9500-FC886F85B112}.Release|Any CPU.Build.0 = Release|Any CPU
	EndGlobalSection
	GlobalSection(SolutionProperties) = preSolution
		HideSolutionNode = FALSE
	EndGlobalSection
	GlobalSection(ExtensibilityGlobals) = postSolution
		SolutionGuid = {1F1D4496-6A8E-4844-AC4C-0E4ECD5764C9}
	EndGlobalSection
EndGlobal
